{
  "name": "@definelib/gridview",
  "version": "1.0.0",
  "lockfileVersion": 2,
  "requires": true,
  "packages": {
    "": {
      "name": "@definelib/gridview",
      "version": "1.0.0",
      "license": "MIT",
      "dependencies": {
        "@definejs/emitter": "^1.1.0",
        "@definejs/id-maker": "^1.0.1",
        "@definejs/panel": "^1.0.1",
        "@definejs/style": "^1.0.0",
        "@definejs/template": "^1.0.0",
        "@definelib/jquery": "^1.0.0",
        "@definelib/pager": "^1.0.1",
        "@definelib/table": "^1.0.1",
        "@definelib/table-resizer": "^1.0.1"
      }
    },
    "node_modules/@definejs/app-module": {
      "version": "1.0.0",
      "resolved": "https://registry.npmjs.org/@definejs/app-module/-/app-module-1.0.0.tgz",
      "integrity": "sha512-oRo5kUbfdSDMeTx8YEI8BiZKk2UxG1Ei1fX4p4a7UQFQjOavdIak4/0q1ZFgl+qSvhUADSP28AE4NQg/YKiO7w==",
      "dependencies": {
        "@definejs/emitter": "^1.0.0",
        "@definejs/module-manager": "^1.0.0",
        "@definejs/object": "^1.1.0",
        "@definejs/string": "^1.0.0"
      }
    },
    "node_modules/@definejs/array": {
      "version": "1.1.0",
      "resolved": "https://registry.npmjs.org/@definejs/array/-/array-1.1.0.tgz",
      "integrity": "sha512-1x0XUdDVT4ecVqbR1vl68whhRCCyO8BiFPRXl2tyWsuqubkNNlXL3PtedytvPexpExqX0Bedlkj8DnXYH2fj5g=="
    },
    "node_modules/@definejs/emitter": {
      "version": "1.1.0",
      "resolved": "https://registry.npmjs.org/@definejs/emitter/-/emitter-1.1.0.tgz",
      "integrity": "sha512-7AKesFRz+6K5UDl/RFLfRszdNsDdtmeipj/8dqARhPV/BemDSLP/UqXUJYr5ALSpv/Lzc+PnDBGASJEfNuYVwQ==",
      "dependencies": {
        "@definejs/object": "^1.1.0",
        "@definejs/tree": "^1.0.0"
      }
    },
    "node_modules/@definejs/html-parser": {
      "version": "1.0.0",
      "resolved": "https://registry.npmjs.org/@definejs/html-parser/-/html-parser-1.0.0.tgz",
      "integrity": "sha512-+y4nhnFp6oMsW2p4ldRavXJduvq3E0zpH05l3DsiH+AMAWfvW1ZZ/zn84ccz5sszd3B3QJWsqPq5rE4gvYrNkQ=="
    },
    "node_modules/@definejs/id-maker": {
      "version": "1.0.1",
      "resolved": "https://registry.npmjs.org/@definejs/id-maker/-/id-maker-1.0.1.tgz",
      "integrity": "sha512-i6uqFbBRfXs2X91msPpFuMgQy6lvppBpmzN4iy5BAKmui+//okaA9bI8/JBlNHOH0O8eXgbVxwJop4o8H6WghQ==",
      "dependencies": {
        "@definejs/object": "^1.1.0",
        "@definejs/string": "^1.0.0"
      }
    },
    "node_modules/@definejs/module-manager": {
      "version": "1.0.2",
      "resolved": "https://registry.npmjs.org/@definejs/module-manager/-/module-manager-1.0.2.tgz",
      "integrity": "sha512-lIU2fR2jAa8Mz4r1g03QDNGHJEpSqgviKx3aDwlmUONXLpjCuyfcUtPxqunSmEpUPWhkKCmXh3yyQ35K4dliow=="
    },
    "node_modules/@definejs/object": {
      "version": "1.1.0",
      "resolved": "https://registry.npmjs.org/@definejs/object/-/object-1.1.0.tgz",
      "integrity": "sha512-3U9yjE0a4oFXR6n19VXZB0W5lpHZRox39vjV2sE288OCMv1L6KLreEdGi0Hmo5w490KHpT9Gtvtkz4Xih7D6ug=="
    },
    "node_modules/@definejs/panel": {
      "version": "1.0.1",
      "resolved": "https://registry.npmjs.org/@definejs/panel/-/panel-1.0.1.tgz",
      "integrity": "sha512-dCrX3qSSIKJ1cg85eU3eESkot9sokz32PiRNbpQukEv66DdYn2/1urVry/J2mZyyJQs0qzrpwBqy1BUVwcGTrg==",
      "dependencies": {
        "@definejs/app-module": "^1.0.0",
        "@definejs/emitter": "^1.0.0",
        "@definejs/id-maker": "^1.0.1",
        "@definejs/object": "^1.1.0",
        "@definejs/string": "^1.0.0",
        "@definejs/template": "^1.0.0",
        "jquery": "^3.5.1"
      }
    },
    "node_modules/@definejs/string": {
      "version": "1.0.0",
      "resolved": "https://registry.npmjs.org/@definejs/string/-/string-1.0.0.tgz",
      "integrity": "sha512-w07CpqHYu6th6y+n5jic6ZUdiB19GPzuq8LGHqpSky8R28ugA1uIDkFodd5tt9dokD00pLd4nFY6bO8JuLYxxQ=="
    },
    "node_modules/@definejs/style": {
      "version": "1.0.0",
      "resolved": "https://registry.npmjs.org/@definejs/style/-/style-1.0.0.tgz",
      "integrity": "sha512-P9NC7wX/wqnq9qoz12zKUEagjgRHFeVNDFcZNUNZhiQygW+SWeuEtuYZgvfWahhABkbtCCzTX46CnIr5Jd3cpg==",
      "dependencies": {
        "@definejs/object": "^1.1.0"
      }
    },
    "node_modules/@definejs/template": {
      "version": "1.0.0",
      "resolved": "https://registry.npmjs.org/@definejs/template/-/template-1.0.0.tgz",
      "integrity": "sha512-MQghVomFTmFKS9HK/ChYXjMdlGWI88N6qLDAocRwkM9zwaOQWEkWHRRVDBB8HlzVzp86I73teDuJxD8sZodi0A==",
      "dependencies": {
        "@definejs/emitter": "^1.0.0",
        "@definejs/html-parser": "^1.0.0",
        "@definejs/object": "^1.1.0",
        "@definejs/string": "^1.0.0",
        "jquery": "^3.5.1"
      }
    },
    "node_modules/@definejs/tree": {
      "version": "1.0.5",
      "resolved": "https://registry.npmjs.org/@definejs/tree/-/tree-1.0.5.tgz",
      "integrity": "sha512-PlR/ya/XgoIWasFvuLns32zhMHDaOJNwQjf5EKA6DKKJfe1ZuF4UdxUiXB7hEoQf7Ffd6ZT2aR+VoTrGyi+N6w=="
    },
    "node_modules/@definelib/jquery": {
      "version": "1.0.0",
      "resolved": "https://registry.npmjs.org/@definelib/jquery/-/jquery-1.0.0.tgz",
      "integrity": "sha512-ViAS/rWPRjuKn1UzHcwnOOk3uacCvr11WHNGYQRtaMzzwb0Rp+ntVWZtB2YdNQvHjmBGAxcZ56MNLa0YIt8P0w=="
    },
    "node_modules/@definelib/pager": {
      "version": "1.0.1",
      "resolved": "https://registry.npmjs.org/@definelib/pager/-/pager-1.0.1.tgz",
      "integrity": "sha512-gwWXRQoRnPCRSjreagB3EFnTAueKBvxsJfUGEknKl815Vcmqdx8hJ/V2SmI7lLxu5zhhu9FV9xqUZ8KqTXgTyw==",
      "dependencies": {
        "@definejs/array": "^1.1.0",
        "@definejs/emitter": "^1.1.0",
        "@definejs/string": "^1.0.0",
        "@definejs/style": "^1.0.0",
        "@definejs/template": "^1.0.0",
        "@definelib/jquery": "^1.0.0"
      }
    },
    "node_modules/@definelib/table": {
      "version": "1.0.1",
      "resolved": "https://registry.npmjs.org/@definelib/table/-/table-1.0.1.tgz",
      "integrity": "sha512-AW9TzOl+ejzyFYPj5lYPOcL7I/Vmqz5mcsNHvJ06K0+b3+cS3NpN9loCSAO/9nfd63f+3si4rjQz2OHEK+XUoQ==",
      "dependencies": {
        "@definejs/emitter": "^1.1.0",
        "@definejs/string": "^1.0.0",
        "@definejs/style": "^1.0.0",
        "@definejs/template": "^1.0.0",
        "@definelib/jquery": "^1.0.0"
      }
    },
    "node_modules/@definelib/table-resizer": {
      "version": "1.0.1",
      "resolved": "https://registry.npmjs.org/@definelib/table-resizer/-/table-resizer-1.0.1.tgz",
      "integrity": "sha512-twPm+EIvqlJxuP7FD/1ghY1wZMM0BJqD0DMxqrXQU6T8jl58yotCFL31kTzRyH6H8CLzaP1v4ScmRYSraCyfXg==",
      "dependencies": {
        "@definejs/emitter": "^1.1.0",
        "@definejs/string": "^1.0.0",
        "@definejs/template": "^1.0.0",
        "@definelib/jquery": "^1.0.0"
      }
    },
    "node_modules/jquery": {
      "version": "3.6.0",
      "resolved": "https://registry.npmjs.org/jquery/-/jquery-3.6.0.tgz",
      "integrity": "sha512-JVzAR/AjBvVt2BmYhxRCSYysDsPcssdmTFnzyLEts9qNwmjmu4JTAMYubEfwVOSwpQ1I1sKKFcxhZCI2buerfw=="
    }
  },
  "dependencies": {
    "@definejs/app-module": {
      "version": "1.0.0",
      "resolved": "https://registry.npmjs.org/@definejs/app-module/-/app-module-1.0.0.tgz",
      "integrity": "sha512-oRo5kUbfdSDMeTx8YEI8BiZKk2UxG1Ei1fX4p4a7UQFQjOavdIak4/0q1ZFgl+qSvhUADSP28AE4NQg/YKiO7w==",
      "requires": {
        "@definejs/emitter": "^1.0.0",
        "@definejs/module-manager": "^1.0.0",
        "@definejs/object": "^1.1.0",
        "@definejs/string": "^1.0.0"
      }
    },
    "@definejs/array": {
      "version": "1.1.0",
      "resolved": "https://registry.npmjs.org/@definejs/array/-/array-1.1.0.tgz",
      "integrity": "sha512-1x0XUdDVT4ecVqbR1vl68whhRCCyO8BiFPRXl2tyWsuqubkNNlXL3PtedytvPexpExqX0Bedlkj8DnXYH2fj5g=="
    },
    "@definejs/emitter": {
      "version": "1.1.0",
      "resolved": "https://registry.npmjs.org/@definejs/emitter/-/emitter-1.1.0.tgz",
      "integrity": "sha512-7AKesFRz+6K5UDl/RFLfRszdNsDdtmeipj/8dqARhPV/BemDSLP/UqXUJYr5ALSpv/Lzc+PnDBGASJEfNuYVwQ==",
      "requires": {
        "@definejs/object": "^1.1.0",
        "@definejs/tree": "^1.0.0"
      }
    },
    "@definejs/html-parser": {
      "version": "1.0.0",
      "resolved": "https://registry.npmjs.org/@definejs/html-parser/-/html-parser-1.0.0.tgz",
      "integrity": "sha512-+y4nhnFp6oMsW2p4ldRavXJduvq3E0zpH05l3DsiH+AMAWfvW1ZZ/zn84ccz5sszd3B3QJWsqPq5rE4gvYrNkQ=="
    },
    "@definejs/id-maker": {
      "version": "1.0.1",
      "resolved": "https://registry.npmjs.org/@definejs/id-maker/-/id-maker-1.0.1.tgz",
      "integrity": "sha512-i6uqFbBRfXs2X91msPpFuMgQy6lvppBpmzN4iy5BAKmui+//okaA9bI8/JBlNHOH0O8eXgbVxwJop4o8H6WghQ==",
      "requires": {
        "@definejs/object": "^1.1.0",
        "@definejs/string": "^1.0.0"
      }
    },
    "@definejs/module-manager": {
      "version": "1.0.2",
      "resolved": "https://registry.npmjs.org/@definejs/module-manager/-/module-manager-1.0.2.tgz",
      "integrity": "sha512-lIU2fR2jAa8Mz4r1g03QDNGHJEpSqgviKx3aDwlmUONXLpjCuyfcUtPxqunSmEpUPWhkKCmXh3yyQ35K4dliow=="
    },
    "@definejs/object": {
      "version": "1.1.0",
      "resolved": "https://registry.npmjs.org/@definejs/object/-/object-1.1.0.tgz",
      "integrity": "sha512-3U9yjE0a4oFXR6n19VXZB0W5lpHZRox39vjV2sE288OCMv1L6KLreEdGi0Hmo5w490KHpT9Gtvtkz4Xih7D6ug=="
    },
    "@definejs/panel": {
      "version": "1.0.1",
      "resolved": "https://registry.npmjs.org/@definejs/panel/-/panel-1.0.1.tgz",
      "integrity": "sha512-dCrX3qSSIKJ1cg85eU3eESkot9sokz32PiRNbpQukEv66DdYn2/1urVry/J2mZyyJQs0qzrpwBqy1BUVwcGTrg==",
      "requires": {
        "@definejs/app-module": "^1.0.0",
        "@definejs/emitter": "^1.0.0",
        "@definejs/id-maker": "^1.0.1",
        "@definejs/object": "^1.1.0",
        "@definejs/string": "^1.0.0",
        "@definejs/template": "^1.0.0",
        "jquery": "^3.5.1"
      }
    },
    "@definejs/string": {
      "version": "1.0.0",
      "resolved": "https://registry.npmjs.org/@definejs/string/-/string-1.0.0.tgz",
      "integrity": "sha512-w07CpqHYu6th6y+n5jic6ZUdiB19GPzuq8LGHqpSky8R28ugA1uIDkFodd5tt9dokD00pLd4nFY6bO8JuLYxxQ=="
    },
    "@definejs/style": {
      "version": "1.0.0",
      "resolved": "https://registry.npmjs.org/@definejs/style/-/style-1.0.0.tgz",
      "integrity": "sha512-P9NC7wX/wqnq9qoz12zKUEagjgRHFeVNDFcZNUNZhiQygW+SWeuEtuYZgvfWahhABkbtCCzTX46CnIr5Jd3cpg==",
      "requires": {
        "@definejs/object": "^1.1.0"
      }
    },
    "@definejs/template": {
      "version": "1.0.0",
      "resolved": "https://registry.npmjs.org/@definejs/template/-/template-1.0.0.tgz",
      "integrity": "sha512-MQghVomFTmFKS9HK/ChYXjMdlGWI88N6qLDAocRwkM9zwaOQWEkWHRRVDBB8HlzVzp86I73teDuJxD8sZodi0A==",
      "requires": {
        "@definejs/emitter": "^1.0.0",
        "@definejs/html-parser": "^1.0.0",
        "@definejs/object": "^1.1.0",
        "@definejs/string": "^1.0.0",
        "jquery": "^3.5.1"
      }
    },
    "@definejs/tree": {
      "version": "1.0.5",
      "resolved": "https://registry.npmjs.org/@definejs/tree/-/tree-1.0.5.tgz",
      "integrity": "sha512-PlR/ya/XgoIWasFvuLns32zhMHDaOJNwQjf5EKA6DKKJfe1ZuF4UdxUiXB7hEoQf7Ffd6ZT2aR+VoTrGyi+N6w=="
    },
    "@definelib/jquery": {
      "version": "1.0.0",
      "resolved": "https://registry.npmjs.org/@definelib/jquery/-/jquery-1.0.0.tgz",
      "integrity": "sha512-ViAS/rWPRjuKn1UzHcwnOOk3uacCvr11WHNGYQRtaMzzwb0Rp+ntVWZtB2YdNQvHjmBGAxcZ56MNLa0YIt8P0w=="
    },
    "@definelib/pager": {
      "version": "1.0.1",
      "resolved": "https://registry.npmjs.org/@definelib/pager/-/pager-1.0.1.tgz",
      "integrity": "sha512-gwWXRQoRnPCRSjreagB3EFnTAueKBvxsJfUGEknKl815Vcmqdx8hJ/V2SmI7lLxu5zhhu9FV9xqUZ8KqTXgTyw==",
      "requires": {
        "@definejs/array": "^1.1.0",
        "@definejs/emitter": "^1.1.0",
        "@definejs/string": "^1.0.0",
        "@definejs/style": "^1.0.0",
        "@definejs/template": "^1.0.0",
        "@definelib/jquery": "^1.0.0"
      }
    },
    "@definelib/table": {
      "version": "1.0.1",
      "resolved": "https://registry.npmjs.org/@definelib/table/-/table-1.0.1.tgz",
      "integrity": "sha512-AW9TzOl+ejzyFYPj5lYPOcL7I/Vmqz5mcsNHvJ06K0+b3+cS3NpN9loCSAO/9nfd63f+3si4rjQz2OHEK+XUoQ==",
      "requires": {
        "@definejs/emitter": "^1.1.0",
        "@definejs/string": "^1.0.0",
        "@definejs/style": "^1.0.0",
        "@definejs/template": "^1.0.0",
        "@definelib/jquery": "^1.0.0"
      }
    },
    "@definelib/table-resizer": {
      "version": "1.0.1",
      "resolved": "https://registry.npmjs.org/@definelib/table-resizer/-/table-resizer-1.0.1.tgz",
      "integrity": "sha512-twPm+EIvqlJxuP7FD/1ghY1wZMM0BJqD0DMxqrXQU6T8jl58yotCFL31kTzRyH6H8CLzaP1v4ScmRYSraCyfXg==",
      "requires": {
        "@definejs/emitter": "^1.1.0",
        "@definejs/string": "^1.0.0",
        "@definejs/template": "^1.0.0",
        "@definelib/jquery": "^1.0.0"
      }
    },
    "jquery": {
      "version": "3.6.0",
      "resolved": "https://registry.npmjs.org/jquery/-/jquery-3.6.0.tgz",
      "integrity": "sha512-JVzAR/AjBvVt2BmYhxRCSYysDsPcssdmTFnzyLEts9qNwmjmu4JTAMYubEfwVOSwpQ1I1sKKFcxhZCI2buerfw=="
    }
  }
}
